// !$*UTF8*$!
{
	archiveVersion = 1;
	classes = {
	};
	objectVersion = 56;
	objects = {

/* Begin PBXBuildFile section */
		8A83E69B29AD90D80012847D /* AppDelegate.swift in Sources */ = {isa = PBXBuildFile; fileRef = 8A83E69A29AD90D80012847D /* AppDelegate.swift */; };
		8A83E69D29AD90D80012847D /* SceneDelegate.swift in Sources */ = {isa = PBXBuildFile; fileRef = 8A83E69C29AD90D80012847D /* SceneDelegate.swift */; };
		8A83E69F29AD90D80012847D /* ImagesListViewController.swift in Sources */ = {isa = PBXBuildFile; fileRef = 8A83E69E29AD90D80012847D /* ImagesListViewController.swift */; };
		8A83E6A229AD90D80012847D /* Main.storyboard in Resources */ = {isa = PBXBuildFile; fileRef = 8A83E6A029AD90D80012847D /* Main.storyboard */; };
		8A83E6A429AD90DA0012847D /* Assets.xcassets in Resources */ = {isa = PBXBuildFile; fileRef = 8A83E6A329AD90DA0012847D /* Assets.xcassets */; };
		8A83E6A729AD90DA0012847D /* LaunchScreen.storyboard in Resources */ = {isa = PBXBuildFile; fileRef = 8A83E6A529AD90DA0012847D /* LaunchScreen.storyboard */; };
		8AA8D9EF29BA2118007FC508 /* ImagesListCell.swift in Sources */ = {isa = PBXBuildFile; fileRef = 8AA8D9EE29BA2118007FC508 /* ImagesListCell.swift */; };
		8AA8D9F229BC456E007FC508 /* GradientView.swift in Sources */ = {isa = PBXBuildFile; fileRef = 8AA8D9F129BC456E007FC508 /* GradientView.swift */; };
/* End PBXBuildFile section */

/* Begin PBXFileReference section */
		8A83E69729AD90D80012847D /* MyImageFeed.app */ = {isa = PBXFileReference; explicitFileType = wrapper.application; includeInIndex = 0; path = MyImageFeed.app; sourceTree = BUILT_PRODUCTS_DIR; };
		8A83E69A29AD90D80012847D /* AppDelegate.swift */ = {isa = PBXFileReference; lastKnownFileType = sourcecode.swift; path = AppDelegate.swift; sourceTree = "<group>"; };
		8A83E69C29AD90D80012847D /* SceneDelegate.swift */ = {isa = PBXFileReference; lastKnownFileType = sourcecode.swift; path = SceneDelegate.swift; sourceTree = "<group>"; };
		8A83E69E29AD90D80012847D /* ImagesListViewController.swift */ = {isa = PBXFileReference; lastKnownFileType = sourcecode.swift; path = ImagesListViewController.swift; sourceTree = "<group>"; };
		8A83E6A129AD90D80012847D /* Base */ = {isa = PBXFileReference; lastKnownFileType = file.storyboard; name = Base; path = Base.lproj/Main.storyboard; sourceTree = "<group>"; };
		8A83E6A329AD90DA0012847D /* Assets.xcassets */ = {isa = PBXFileReference; lastKnownFileType = folder.assetcatalog; path = Assets.xcassets; sourceTree = "<group>"; };
		8A83E6A629AD90DA0012847D /* Base */ = {isa = PBXFileReference; lastKnownFileType = file.storyboard; name = Base; path = Base.lproj/LaunchScreen.storyboard; sourceTree = "<group>"; };
		8A83E6A829AD90DA0012847D /* Info.plist */ = {isa = PBXFileReference; lastKnownFileType = text.plist.xml; path = Info.plist; sourceTree = "<group>"; };
		8AA8D9EE29BA2118007FC508 /* ImagesListCell.swift */ = {isa = PBXFileReference; lastKnownFileType = sourcecode.swift; path = ImagesListCell.swift; sourceTree = "<group>"; };
		8AA8D9F129BC456E007FC508 /* GradientView.swift */ = {isa = PBXFileReference; lastKnownFileType = sourcecode.swift; path = GradientView.swift; sourceTree = "<group>"; };
/* End PBXFileReference section */

/* Begin PBXFrameworksBuildPhase section */
		8A83E69429AD90D80012847D /* Frameworks */ = {
			isa = PBXFrameworksBuildPhase;
			buildActionMask = 2147483647;
			files = (
			);
			runOnlyForDeploymentPostprocessing = 0;
		};
/* End PBXFrameworksBuildPhase section */

/* Begin PBXGroup section */
		8A83E68E29AD90D80012847D = {
			isa = PBXGroup;
			children = (
				8A83E69929AD90D80012847D /* MyImageFeed */,
				8A83E69829AD90D80012847D /* Products */,
			);
			sourceTree = "<group>";
		};
		8A83E69829AD90D80012847D /* Products */ = {
			isa = PBXGroup;
			children = (
				8A83E69729AD90D80012847D /* MyImageFeed.app */,
			);
			name = Products;
			sourceTree = "<group>";
		};
		8A83E69929AD90D80012847D /* MyImageFeed */ = {
			isa = PBXGroup;
			children = (
				8A83E69A29AD90D80012847D /* AppDelegate.swift */,
				8A83E69C29AD90D80012847D /* SceneDelegate.swift */,
				8AA8D9F029BA214D007FC508 /* ImagesList */,
				8A83E6A029AD90D80012847D /* Main.storyboard */,
				8A83E6A329AD90DA0012847D /* Assets.xcassets */,
				8A83E6A529AD90DA0012847D /* LaunchScreen.storyboard */,
				8A83E6A829AD90DA0012847D /* Info.plist */,
			);
			path = MyImageFeed;
			sourceTree = "<group>";
		};
		8AA8D9F029BA214D007FC508 /* ImagesList */ = {
			isa = PBXGroup;
			children = (
				8A83E69E29AD90D80012847D /* ImagesListViewController.swift */,
				8AA8D9EE29BA2118007FC508 /* ImagesListCell.swift */,
				8AA8D9F129BC456E007FC508 /* GradientView.swift */,
			);
			path = ImagesList;
			sourceTree = "<group>";
		};
/* End PBXGroup section */

/* Begin PBXNativeTarget section */
		8A83E69629AD90D80012847D /* MyImageFeed */ = {
			isa = PBXNativeTarget;
			buildConfigurationList = 8A83E6AB29AD90DA0012847D /* Build configuration list for PBXNativeTarget "MyImageFeed" */;
			buildPhases = (
				8A83E69329AD90D80012847D /* Sources */,
				8A83E69429AD90D80012847D /* Frameworks */,
				8A83E69529AD90D80012847D /* Resources */,
			);
			buildRules = (
			);
			dependencies = (
			);
			name = MyImageFeed;
			productName = MyImageFeed;
			productReference = 8A83E69729AD90D80012847D /* MyImageFeed.app */;
			productType = "com.apple.product-type.application";
		};
/* End PBXNativeTarget section */

/* Begin PBXProject section */
		8A83E68F29AD90D80012847D /* Project object */ = {
			isa = PBXProject;
			attributes = {
				BuildIndependentTargetsInParallel = 1;
				LastSwiftUpdateCheck = 1410;
				LastUpgradeCheck = 1410;
				TargetAttributes = {
					8A83E69629AD90D80012847D = {
						CreatedOnToolsVersion = 14.1;
					};
				};
			};
			buildConfigurationList = 8A83E69229AD90D80012847D /* Build configuration list for PBXProject "MyImageFeed" */;
			compatibilityVersion = "Xcode 14.0";
			developmentRegion = en;
			hasScannedForEncodings = 0;
			knownRegions = (
				en,
				Base,
			);
			mainGroup = 8A83E68E29AD90D80012847D;
			productRefGroup = 8A83E69829AD90D80012847D /* Products */;
			projectDirPath = "";
			projectRoot = "";
			targets = (
				8A83E69629AD90D80012847D /* MyImageFeed */,
			);
		};
/* End PBXProject section */

/* Begin PBXResourcesBuildPhase section */
		8A83E69529AD90D80012847D /* Resources */ = {
			isa = PBXResourcesBuildPhase;
			buildActionMask = 2147483647;
			files = (
				8A83E6A729AD90DA0012847D /* LaunchScreen.storyboard in Resources */,
				8A83E6A429AD90DA0012847D /* Assets.xcassets in Resources */,
				8A83E6A229AD90D80012847D /* Main.storyboard in Resources */,
			);
			runOnlyForDeploymentPostprocessing = 0;
		};
/* End PBXResourcesBuildPhase section */

/* Begin PBXSourcesBuildPhase section */
		8A83E69329AD90D80012847D /* Sources */ = {
			isa = PBXSourcesBuildPhase;
			buildActionMask = 2147483647;
			files = (
				8A83E69F29AD90D80012847D /* ImagesListViewController.swift in Sources */,
				8AA8D9EF29BA2118007FC508 /* ImagesListCell.swift in Sources */,
				8AA8D9F229BC456E007FC508 /* GradientView.swift in Sources */,
				8A83E69B29AD90D80012847D /* AppDelegate.swift in Sources */,
				8A83E69D29AD90D80012847D /* SceneDelegate.swift in Sources */,
			);
			runOnlyForDeploymentPostprocessing = 0;
		};
/* End PBXSourcesBuildPhase section */

/* Begin PBXVariantGroup section */
		8A83E6A029AD90D80012847D /* Main.storyboard */ = {
			isa = PBXVariantGroup;
			children = (
				8A83E6A129AD90D80012847D /* Base */,
			);
			name = Main.storyboard;
			sourceTree = "<group>";
		};
		8A83E6A529AD90DA0012847D /* LaunchScreen.storyboard */ = {
			isa = PBXVariantGroup;
			children = (
				8A83E6A629AD90DA0012847D /* Base */,
			);
			name = LaunchScreen.storyboard;
			path = "/Users/alexey/Desktop/Desktop - Alexey’s MacBook Pro/Developer/MyImageFeed/MyImageFeed";
			sourceTree = "<absolute>";
		};
/* End PBXVariantGroup section */

/* Begin XCBuildConfiguration section */
		8A83E6A929AD90DA0012847D /* Debug */ = {
			isa = XCBuildConfiguration;
			buildSettings = {
				ALWAYS_SEARCH_USER_PATHS = NO;
				CLANG_ANALYZER_NONNULL = YES;
				CLANG_ANALYZER_NUMBER_OBJECT_CONVERSION = YES_AGGRESSIVE;
				CLANG_CXX_LANGUAGE_STANDARD = "gnu++20";
				CLANG_ENABLE_MODULES = YES;
				CLANG_ENABLE_OBJC_ARC = YES;
				CLANG_ENABLE_OBJC_WEAK = YES;
				CLANG_WARN_BLOCK_CAPTURE_AUTORELEASING = YES;
				CLANG_WARN_BOOL_CONVERSION = YES;
				CLANG_WARN_COMMA = YES;
				CLANG_WARN_CONSTANT_CONVERSION = YES;
				CLANG_WARN_DEPRECATED_OBJC_IMPLEMENTATIONS = YES;
				CLANG_WARN_DIRECT_OBJC_ISA_USAGE = YES_ERROR;
				CLANG_WARN_DOCUMENTATION_COMMENTS = YES;
				CLANG_WARN_EMPTY_BODY = YES;
				CLANG_WARN_ENUM_CONVERSION = YES;
				CLANG_WARN_INFINITE_RECURSION = YES;
				CLANG_WARN_INT_CONVERSION = YES;
				CLANG_WARN_NON_LITERAL_NULL_CONVERSION = YES;
				CLANG_WARN_OBJC_IMPLICIT_RETAIN_SELF = YES;
				CLANG_WARN_OBJC_LITERAL_CONVERSION = YES;
				CLANG_WARN_OBJC_ROOT_CLASS = YES_ERROR;
				CLANG_WARN_QUOTED_INCLUDE_IN_FRAMEWORK_HEADER = YES;
				CLANG_WARN_RANGE_LOOP_ANALYSIS = YES;
				CLANG_WARN_STRICT_PROTOTYPES = YES;
				CLANG_WARN_SUSPICIOUS_MOVE = YES;
				CLANG_WARN_UNGUARDED_AVAILABILITY = YES_AGGRESSIVE;
				CLANG_WARN_UNREACHABLE_CODE = YES;
				CLANG_WARN__DUPLICATE_METHOD_MATCH = YES;
				COPY_PHASE_STRIP = NO;
				DEBUG_INFORMATION_FORMAT = dwarf;
				ENABLE_STRICT_OBJC_MSGSEND = YES;
				ENABLE_TESTABILITY = YES;
				GCC_C_LANGUAGE_STANDARD = gnu11;
				GCC_DYNAMIC_NO_PIC = NO;
				GCC_NO_COMMON_BLOCKS = YES;
				GCC_OPTIMIZATION_LEVEL = 0;
				GCC_PREPROCESSOR_DEFINITIONS = (
					"DEBUG=1",
					"$(inherited)",
				);
				GCC_WARN_64_TO_32_BIT_CONVERSION = YES;
				GCC_WARN_ABOUT_RETURN_TYPE = YES_ERROR;
				GCC_WARN_UNDECLARED_SELECTOR = YES;
				GCC_WARN_UNINITIALIZED_AUTOS = YES_AGGRESSIVE;
				GCC_WARN_UNUSED_FUNCTION = YES;
				GCC_WARN_UNUSED_VARIABLE = YES;
				IPHONEOS_DEPLOYMENT_TARGET = 13.0;
				MTL_ENABLE_DEBUG_INFO = INCLUDE_SOURCE;
				MTL_FAST_MATH = YES;
				ONLY_ACTIVE_ARCH = YES;
				SDKROOT = iphoneos;
				SWIFT_ACTIVE_COMPILATION_CONDITIONS = DEBUG;
				SWIFT_OPTIMIZATION_LEVEL = "-Onone";
			};
			name = Debug;
		};
		8A83E6AA29AD90DA0012847D /* Release */ = {
			isa = XCBuildConfiguration;
			buildSettings = {
				ALWAYS_SEARCH_USER_PATHS = NO;
				CLANG_ANALYZER_NONNULL = YES;
				CLANG_ANALYZER_NUMBER_OBJECT_CONVERSION = YES_AGGRESSIVE;
				CLANG_CXX_LANGUAGE_STANDARD = "gnu++20";
				CLANG_ENABLE_MODULES = YES;
				CLANG_ENABLE_OBJC_ARC = YES;
				CLANG_ENABLE_OBJC_WEAK = YES;
				CLANG_WARN_BLOCK_CAPTURE_AUTORELEASING = YES;
				CLANG_WARN_BOOL_CONVERSION = YES;
				CLANG_WARN_COMMA = YES;
				CLANG_WARN_CONSTANT_CONVERSION = YES;
				CLANG_WARN_DEPRECATED_OBJC_IMPLEMENTATIONS = YES;
				CLANG_WARN_DIRECT_OBJC_ISA_USAGE = YES_ERROR;
				CLANG_WARN_DOCUMENTATION_COMMENTS = YES;
				CLANG_WARN_EMPTY_BODY = YES;
				CLANG_WARN_ENUM_CONVERSION = YES;
				CLANG_WARN_INFINITE_RECURSION = YES;
				CLANG_WARN_INT_CONVERSION = YES;
				CLANG_WARN_NON_LITERAL_NULL_CONVERSION = YES;
				CLANG_WARN_OBJC_IMPLICIT_RETAIN_SELF = YES;
				CLANG_WARN_OBJC_LITERAL_CONVERSION = YES;
				CLANG_WARN_OBJC_ROOT_CLASS = YES_ERROR;
				CLANG_WARN_QUOTED_INCLUDE_IN_FRAMEWORK_HEADER = YES;
				CLANG_WARN_RANGE_LOOP_ANALYSIS = YES;
				CLANG_WARN_STRICT_PROTOTYPES = YES;
				CLANG_WARN_SUSPICIOUS_MOVE = YES;
				CLANG_WARN_UNGUARDED_AVAILABILITY = YES_AGGRESSIVE;
				CLANG_WARN_UNREACHABLE_CODE = YES;
				CLANG_WARN__DUPLICATE_METHOD_MATCH = YES;
				COPY_PHASE_STRIP = NO;
				DEBUG_INFORMATION_FORMAT = "dwarf-with-dsym";
				ENABLE_NS_ASSERTIONS = NO;
				ENABLE_STRICT_OBJC_MSGSEND = YES;
				GCC_C_LANGUAGE_STANDARD = gnu11;
				GCC_NO_COMMON_BLOCKS = YES;
				GCC_WARN_64_TO_32_BIT_CONVERSION = YES;
				GCC_WARN_ABOUT_RETURN_TYPE = YES_ERROR;
				GCC_WARN_UNDECLARED_SELECTOR = YES;
				GCC_WARN_UNINITIALIZED_AUTOS = YES_AGGRESSIVE;
				GCC_WARN_UNUSED_FUNCTION = YES;
				GCC_WARN_UNUSED_VARIABLE = YES;
				IPHONEOS_DEPLOYMENT_TARGET = 13.0;
				MTL_ENABLE_DEBUG_INFO = NO;
				MTL_FAST_MATH = YES;
				SDKROOT = iphoneos;
				SWIFT_COMPILATION_MODE = wholemodule;
				SWIFT_OPTIMIZATION_LEVEL = "-O";
				VALIDATE_PRODUCT = YES;
			};
			name = Release;
		};
		8A83E6AC29AD90DA0012847D /* Debug */ = {
			isa = XCBuildConfiguration;
			buildSettings = {
				ASSETCATALOG_COMPILER_APPICON_NAME = AppIcon;
				ASSETCATALOG_COMPILER_GLOBAL_ACCENT_COLOR_NAME = AccentColor;
				CODE_SIGN_STYLE = Automatic;
				CURRENT_PROJECT_VERSION = 1;
				DEVELOPMENT_TEAM = 6DZX8575LN;
				GENERATE_INFOPLIST_FILE = YES;
				INFOPLIST_FILE = MyImageFeed/Info.plist;
				INFOPLIST_KEY_UIApplicationSupportsIndirectInputEvents = YES;
				INFOPLIST_KEY_UILaunchStoryboardName = LaunchScreen;
				INFOPLIST_KEY_UIMainStoryboardFile = Main;
				INFOPLIST_KEY_UISupportedInterfaceOrientations = UIInterfaceOrientationPortrait;
				INFOPLIST_KEY_UISupportedInterfaceOrientations_iPad = UIInterfaceOrientationLandscapeRight;
				IPHONEOS_DEPLOYMENT_TARGET = 13.0;
				LD_RUNPATH_SEARCH_PATHS = (
					"$(inherited)",
					"@executable_path/Frameworks",
				);
				MARKETING_VERSION = 1.0;
				PRODUCT_BUNDLE_IDENTIFIER = ru.yandex.LitvinovAA.MyImageFeed;
				PRODUCT_NAME = "$(TARGET_NAME)";
				SWIFT_EMIT_LOC_STRINGS = YES;
				SWIFT_VERSION = 5.0;
				TARGETED_DEVICE_FAMILY = "1,2";
			};
			name = Debug;
		};
		8A83E6AD29AD90DA0012847D /* Release */ = {
			isa = XCBuildConfiguration;
			buildSettings = {
				ASSETCATALOG_COMPILER_APPICON_NAME = AppIcon;
				ASSETCATALOG_COMPILER_GLOBAL_ACCENT_COLOR_NAME = AccentColor;
				CODE_SIGN_STYLE = Automatic;
				CURRENT_PROJECT_VERSION = 1;
				DEVELOPMENT_TEAM = 6DZX8575LN;
				GENERATE_INFOPLIST_FILE = YES;
				INFOPLIST_FILE = MyImageFeed/Info.plist;
				INFOPLIST_KEY_UIApplicationSupportsIndirectInputEvents = YES;
				INFOPLIST_KEY_UILaunchStoryboardName = LaunchScreen;
				INFOPLIST_KEY_UIMainStoryboardFile = Main;
				INFOPLIST_KEY_UISupportedInterfaceOrientations = UIInterfaceOrientationPortrait;
				INFOPLIST_KEY_UISupportedInterfaceOrientations_iPad = UIInterfaceOrientationLandscapeRight;
				IPHONEOS_DEPLOYMENT_TARGET = 13.0;
				LD_RUNPATH_SEARCH_PATHS = (
					"$(inherited)",
					"@executable_path/Frameworks",
				);
				MARKETING_VERSION = 1.0;
				PRODUCT_BUNDLE_IDENTIFIER = ru.yandex.LitvinovAA.MyImageFeed;
				PRODUCT_NAME = "$(TARGET_NAME)";
				SWIFT_EMIT_LOC_STRINGS = YES;
				SWIFT_VERSION = 5.0;
				TARGETED_DEVICE_FAMILY = "1,2";
			};
			name = Release;
		};
/* End XCBuildConfiguration section */

/* Begin XCConfigurationList section */
		8A83E69229AD90D80012847D /* Build configuration list for PBXProject "MyImageFeed" */ = {
			isa = XCConfigurationList;
			buildConfigurations = (
				8A83E6A929AD90DA0012847D /* Debug */,
				8A83E6AA29AD90DA0012847D /* Release */,
			);
			defaultConfigurationIsVisible = 0;
			defaultConfigurationName = Release;
		};
		8A83E6AB29AD90DA0012847D /* Build configuration list for PBXNativeTarget "MyImageFeed" */ = {
			isa = XCConfigurationList;
			buildConfigurations = (
				8A83E6AC29AD90DA0012847D /* Debug */,
				8A83E6AD29AD90DA0012847D /* Release */,
			);
			defaultConfigurationIsVisible = 0;
			defaultConfigurationName = Release;
		};
/* End XCConfigurationList section */
	};
	rootObject = 8A83E68F29AD90D80012847D /* Project object */;
}
